
Microsoft Visual Studio Solution File, Format Version 12.00
# Visual Studio Version 16
VisualStudioVersion = 16.0.29613.14
MinimumVisualStudioVersion = 10.0.40219.1
Project("{FAE04EC0-301F-11D3-BF4B-00C04F79EFBC}") = "ExemploWebAPI", "ExemploWebAPI\ExemploWebAPI.csproj", "{192287F1-1162-47D5-9BFD-C6D13BE7A508}"
EndProject
Global
	GlobalSection(SolutionConfigurationPlatforms) = preSolution
		Debug|Any CPU = Debug|Any CPU
		Release|Any CPU = Release|Any CPU
	EndGlobalSection
	GlobalSection(ProjectConfigurationPlatforms) = postSolution
		{192287F1-1162-47D5-9BFD-C6D13BE7A508}.Debug|Any CPU.ActiveCfg = Debug|Any CPU
		{192287F1-1162-47D5-9BFD-C6D13BE7A508}.Debug|Any CPU.Build.0 = Debug|Any CPU
		{192287F1-1162-47D5-9BFD-C6D13BE7A508}.Release|Any CPU.ActiveCfg = Release|Any CPU
		{192287F1-1162-47D5-9BFD-C6D13BE7A508}.Release|Any CPU.Build.0 = Release|Any CPU
	EndGlobalSection
	GlobalSection(SolutionProperties) = preSolution
		HideSolutionNode = FALSE
	EndGlobalSection
	GlobalSection(ExtensibilityGlobals) = postSolution
		SolutionGuid = {698C6AFC-5FF8-4FBF-85B9-27D75DD2F933}
	EndGlobalSection
EndGlobal
